
Microsoft Visual Studio Solution File, Format Version 12.00
# Visual Studio Version 17
VisualStudioVersion = 17.0.31903.59
MinimumVisualStudioVersion = 10.0.40219.1
Project("{FAE04EC0-301F-11D3-BF4B-00C04F79EFBC}") = "StoreWeb", "StoreWeb\StoreWeb.csproj", "{BD924ED1-C968-4FC1-9077-20CB299196E3}"
EndProject
Project("{FAE04EC0-301F-11D3-BF4B-00C04F79EFBC}") = "Entities", "Entities\Entities.csproj", "{69CA0C0F-8DCF-4299-BB09-FDB4C35085EC}"
EndProject
Project("{FAE04EC0-301F-11D3-BF4B-00C04F79EFBC}") = "Repositories", "Repositories\Repositories.csproj", "{9A96EC9A-C512-44CB-9DF9-412ADEC8ABF3}"
EndProject
Project("{FAE04EC0-301F-11D3-BF4B-00C04F79EFBC}") = "Services", "Services\Services.csproj", "{F1D5E73B-701E-40DA-96D8-A16CEC28AE59}"
EndProject
Project("{FAE04EC0-301F-11D3-BF4B-00C04F79EFBC}") = "Presentation", "Presentation\Presentation.csproj", "{A1CE498B-DF65-47D9-997E-D91B496507EC}"
EndProject
Global
	GlobalSection(SolutionConfigurationPlatforms) = preSolution
		Debug|Any CPU = Debug|Any CPU
		Release|Any CPU = Release|Any CPU
	EndGlobalSection
	GlobalSection(SolutionProperties) = preSolution
		HideSolutionNode = FALSE
	EndGlobalSection
	GlobalSection(ProjectConfigurationPlatforms) = postSolution
		{BD924ED1-C968-4FC1-9077-20CB299196E3}.Debug|Any CPU.ActiveCfg = Debug|Any CPU
		{BD924ED1-C968-4FC1-9077-20CB299196E3}.Debug|Any CPU.Build.0 = Debug|Any CPU
		{BD924ED1-C968-4FC1-9077-20CB299196E3}.Release|Any CPU.ActiveCfg = Release|Any CPU
		{BD924ED1-C968-4FC1-9077-20CB299196E3}.Release|Any CPU.Build.0 = Release|Any CPU
		{69CA0C0F-8DCF-4299-BB09-FDB4C35085EC}.Debug|Any CPU.ActiveCfg = Debug|Any CPU
		{69CA0C0F-8DCF-4299-BB09-FDB4C35085EC}.Debug|Any CPU.Build.0 = Debug|Any CPU
		{69CA0C0F-8DCF-4299-BB09-FDB4C35085EC}.Release|Any CPU.ActiveCfg = Release|Any CPU
		{69CA0C0F-8DCF-4299-BB09-FDB4C35085EC}.Release|Any CPU.Build.0 = Release|Any CPU
		{9A96EC9A-C512-44CB-9DF9-412ADEC8ABF3}.Debug|Any CPU.ActiveCfg = Debug|Any CPU
		{9A96EC9A-C512-44CB-9DF9-412ADEC8ABF3}.Debug|Any CPU.Build.0 = Debug|Any CPU
		{9A96EC9A-C512-44CB-9DF9-412ADEC8ABF3}.Release|Any CPU.ActiveCfg = Release|Any CPU
		{9A96EC9A-C512-44CB-9DF9-412ADEC8ABF3}.Release|Any CPU.Build.0 = Release|Any CPU
		{F1D5E73B-701E-40DA-96D8-A16CEC28AE59}.Debug|Any CPU.ActiveCfg = Debug|Any CPU
		{F1D5E73B-701E-40DA-96D8-A16CEC28AE59}.Debug|Any CPU.Build.0 = Debug|Any CPU
		{F1D5E73B-701E-40DA-96D8-A16CEC28AE59}.Release|Any CPU.ActiveCfg = Release|Any CPU
		{F1D5E73B-701E-40DA-96D8-A16CEC28AE59}.Release|Any CPU.Build.0 = Release|Any CPU
		{A1CE498B-DF65-47D9-997E-D91B496507EC}.Debug|Any CPU.ActiveCfg = Debug|Any CPU
		{A1CE498B-DF65-47D9-997E-D91B496507EC}.Debug|Any CPU.Build.0 = Debug|Any CPU
		{A1CE498B-DF65-47D9-997E-D91B496507EC}.Release|Any CPU.ActiveCfg = Release|Any CPU
		{A1CE498B-DF65-47D9-997E-D91B496507EC}.Release|Any CPU.Build.0 = Release|Any CPU
	EndGlobalSection
EndGlobal
